
Microsoft Visual Studio Solution File, Format Version 12.00
# Visual Studio Version 17
VisualStudioVersion = 17.3.32929.385
MinimumVisualStudioVersion = 10.0.40219.1
Project("{FAE04EC0-301F-11D3-BF4B-00C04F79EFBC}") = "LineComparisionProblem", "LineComparisionProblem.csproj", "{C047FEE6-5195-48CB-A8D0-BB54A52C40CD}"
EndProject
Global
	GlobalSection(SolutionConfigurationPlatforms) = preSolution
		Debug|Any CPU = Debug|Any CPU
		Release|Any CPU = Release|Any CPU
	EndGlobalSection
	GlobalSection(ProjectConfigurationPlatforms) = postSolution
		{C047FEE6-5195-48CB-A8D0-BB54A52C40CD}.Debug|Any CPU.ActiveCfg = Debug|Any CPU
		{C047FEE6-5195-48CB-A8D0-BB54A52C40CD}.Debug|Any CPU.Build.0 = Debug|Any CPU
		{C047FEE6-5195-48CB-A8D0-BB54A52C40CD}.Release|Any CPU.ActiveCfg = Release|Any CPU
		{C047FEE6-5195-48CB-A8D0-BB54A52C40CD}.Release|Any CPU.Build.0 = Release|Any CPU
	EndGlobalSection
	GlobalSection(SolutionProperties) = preSolution
		HideSolutionNode = FALSE
	EndGlobalSection
	GlobalSection(ExtensibilityGlobals) = postSolution
		SolutionGuid = {A834D2FC-C7A6-480F-8C11-F01B5E265098}
	EndGlobalSection
EndGlobal
